
Microsoft Visual Studio Solution File, Format Version 12.00
# Visual Studio Version 16
VisualStudioVersion = 16.0.29215.179
MinimumVisualStudioVersion = 10.0.40219.1
Project("{FAE04EC0-301F-11D3-BF4B-00C04F79EFBC}") = "MLY", "MLY\MLY.csproj", "{F1703FAD-D307-4C8D-A5F8-17486AEE659C}"
EndProject
Global
	GlobalSection(SolutionConfigurationPlatforms) = preSolution
		Debug|Any CPU = Debug|Any CPU
		Release|Any CPU = Release|Any CPU
	EndGlobalSection
	GlobalSection(ProjectConfigurationPlatforms) = postSolution
		{F1703FAD-D307-4C8D-A5F8-17486AEE659C}.Debug|Any CPU.ActiveCfg = Debug|Any CPU
		{F1703FAD-D307-4C8D-A5F8-17486AEE659C}.Debug|Any CPU.Build.0 = Debug|Any CPU
		{F1703FAD-D307-4C8D-A5F8-17486AEE659C}.Release|Any CPU.ActiveCfg = Release|Any CPU
		{F1703FAD-D307-4C8D-A5F8-17486AEE659C}.Release|Any CPU.Build.0 = Release|Any CPU
	EndGlobalSection
	GlobalSection(SolutionProperties) = preSolution
		HideSolutionNode = FALSE
	EndGlobalSection
	GlobalSection(ExtensibilityGlobals) = postSolution
		SolutionGuid = {3FD284E5-D685-4CAF-8F21-0E0E96E73EF1}
	EndGlobalSection
EndGlobal
